
Microsoft Visual Studio Solution File, Format Version 12.00
# Visual Studio Version 17
VisualStudioVersion = 17.1.32407.343
MinimumVisualStudioVersion = 10.0.40219.1
Project("{9A19103F-16F7-4668-BE54-9A1E7A4F7556}") = "CodeBlog.UI", "CodeBlog.UI\CodeBlog.UI.csproj", "{05174399-A0C9-4EE1-B6CD-07B711755E36}"
EndProject
Project("{9A19103F-16F7-4668-BE54-9A1E7A4F7556}") = "CodeBlog.Data", "CodeBlog.Shared\CodeBlog.Data.csproj", "{BA7879CF-6957-4293-8F72-34BB4B478A3E}"
EndProject
Project("{9A19103F-16F7-4668-BE54-9A1E7A4F7556}") = "Blazor.Metadata", "Blazor.Metadata\Blazor.Metadata.csproj", "{D10B4548-6189-4C23-8BC9-B0294056F1DA}"
EndProject
Global
	GlobalSection(SolutionConfigurationPlatforms) = preSolution
		Debug|Any CPU = Debug|Any CPU
		Release|Any CPU = Release|Any CPU
	EndGlobalSection
	GlobalSection(ProjectConfigurationPlatforms) = postSolution
		{05174399-A0C9-4EE1-B6CD-07B711755E36}.Debug|Any CPU.ActiveCfg = Debug|Any CPU
		{05174399-A0C9-4EE1-B6CD-07B711755E36}.Debug|Any CPU.Build.0 = Debug|Any CPU
		{05174399-A0C9-4EE1-B6CD-07B711755E36}.Release|Any CPU.ActiveCfg = Release|Any CPU
		{05174399-A0C9-4EE1-B6CD-07B711755E36}.Release|Any CPU.Build.0 = Release|Any CPU
		{BA7879CF-6957-4293-8F72-34BB4B478A3E}.Debug|Any CPU.ActiveCfg = Debug|Any CPU
		{BA7879CF-6957-4293-8F72-34BB4B478A3E}.Debug|Any CPU.Build.0 = Debug|Any CPU
		{BA7879CF-6957-4293-8F72-34BB4B478A3E}.Release|Any CPU.ActiveCfg = Release|Any CPU
		{BA7879CF-6957-4293-8F72-34BB4B478A3E}.Release|Any CPU.Build.0 = Release|Any CPU
		{D10B4548-6189-4C23-8BC9-B0294056F1DA}.Debug|Any CPU.ActiveCfg = Debug|Any CPU
		{D10B4548-6189-4C23-8BC9-B0294056F1DA}.Debug|Any CPU.Build.0 = Debug|Any CPU
		{D10B4548-6189-4C23-8BC9-B0294056F1DA}.Release|Any CPU.ActiveCfg = Release|Any CPU
		{D10B4548-6189-4C23-8BC9-B0294056F1DA}.Release|Any CPU.Build.0 = Release|Any CPU
	EndGlobalSection
	GlobalSection(SolutionProperties) = preSolution
		HideSolutionNode = FALSE
	EndGlobalSection
	GlobalSection(ExtensibilityGlobals) = postSolution
		SolutionGuid = {0D96B9DD-8C7B-4135-97E0-317F48FDE59A}
	EndGlobalSection
EndGlobal
